
Microsoft Visual Studio Solution File, Format Version 12.00
# Visual Studio Version 17
VisualStudioVersion = 17.3.32825.248
MinimumVisualStudioVersion = 10.0.40219.1
Project("{FAE04EC0-301F-11D3-BF4B-00C04F79EFBC}") = "EscuelaACM", "EscuelaACM\EscuelaACM.csproj", "{9C67D544-7E52-4492-9191-7F2B01251ECA}"
EndProject
Global
	GlobalSection(SolutionConfigurationPlatforms) = preSolution
		Debug|Any CPU = Debug|Any CPU
		Release|Any CPU = Release|Any CPU
	EndGlobalSection
	GlobalSection(ProjectConfigurationPlatforms) = postSolution
		{9C67D544-7E52-4492-9191-7F2B01251ECA}.Debug|Any CPU.ActiveCfg = Debug|Any CPU
		{9C67D544-7E52-4492-9191-7F2B01251ECA}.Debug|Any CPU.Build.0 = Debug|Any CPU
		{9C67D544-7E52-4492-9191-7F2B01251ECA}.Release|Any CPU.ActiveCfg = Release|Any CPU
		{9C67D544-7E52-4492-9191-7F2B01251ECA}.Release|Any CPU.Build.0 = Release|Any CPU
	EndGlobalSection
	GlobalSection(SolutionProperties) = preSolution
		HideSolutionNode = FALSE
	EndGlobalSection
	GlobalSection(ExtensibilityGlobals) = postSolution
		SolutionGuid = {AB17274F-50C3-436A-B1B2-30F5045527E9}
	EndGlobalSection
EndGlobal
